# This file is automatically @generated by Poetry 1.8.3 and should not be changed by hand.

[[package]]
name = "anyio"
version = "4.9.0"
description = "High level compatibility layer for multiple asynchronous event loop implementations"
optional = false
python-versions = ">=3.9"
files = [
    {file = "anyio-4.9.0-py3-none-any.whl", hash = "sha256:9f76d541cad6e36af7beb62e978876f3b41e3e04f2c1fbf0884604c0a9c4d93c"},
    {file = "anyio-4.9.0.tar.gz", hash = "sha256:673c0c244e15788651a4ff38710fea9675823028a6f08a5eda409e0c9840a028"},
]

[package.dependencies]
idna = ">=2.8"
sniffio = ">=1.1"
typing_extensions = {version = ">=4.5", markers = "python_version < \"3.13\""}

[package.extras]
doc = ["Sphinx (>=8.2,<9.0)", "packaging", "sphinx-autodoc-typehints (>=1.2.0)", "sphinx_rtd_theme"]
test = ["anyio[trio]", "blockbuster (>=1.5.23)", "coverage[toml] (>=7)", "exceptiongroup (>=1.2.0)", "hypothesis (>=4.0)", "psutil (>=5.9)", "pytest (>=7.0)", "trustme", "truststore (>=0.9.1)", "uvloop (>=0.21)"]
trio = ["trio (>=0.26.1)"]

[[package]]
name = "certifi"
version = "2025.1.31"
description = "Python package for providing Mozilla's CA Bundle."
optional = false
python-versions = ">=3.6"
files = [
    {file = "certifi-2025.1.31-py3-none-any.whl", hash = "sha256:ca78db4565a652026a4db2bcdf68f2fb589ea80d0be70e03929ed730746b84fe"},
    {file = "certifi-2025.1.31.tar.gz", hash = "sha256:3d5da6925056f6f18f119200434a4780a94263f10d1c21d032a6f6b2baa20651"},
]

[[package]]
name = "confluent-kafka"
version = "2.8.2"
description = "Confluent's Python client for Apache Kafka"
optional = false
python-versions = ">=3.7"
files = [
    {file = "confluent_kafka-2.8.2-cp310-cp310-macosx_10_9_x86_64.whl", hash = "sha256:2de2540246d01ec73f6ccbbe189106c97e828ff99d5803b4b629639d3fcf61bd"},
    {file = "confluent_kafka-2.8.2-cp310-cp310-macosx_11_0_arm64.whl", hash = "sha256:8fa24b18a1dfa7afa22124a4c417c991d3a7e5639c968c5993724d0e6b55069e"},
    {file = "confluent_kafka-2.8.2-cp310-cp310-manylinux_2_28_aarch64.whl", hash = "sha256:fae2edce2e4f9b0455d60e1590421ea36e5a31562073663c39446feedf804f19"},
    {file = "confluent_kafka-2.8.2-cp310-cp310-manylinux_2_28_x86_64.whl", hash = "sha256:bf6cff008f407cb9c2eac6465c858402980af81355a94dc0070f6ac70b014aa5"},
    {file = "confluent_kafka-2.8.2-cp310-cp310-win_amd64.whl", hash = "sha256:835594da79e09cb239a0d9434af556d8ca6bedb4d7efc1995adf085ca44aaca6"},
    {file = "confluent_kafka-2.8.2-cp311-cp311-macosx_10_9_x86_64.whl", hash = "sha256:958be78c89e25f2506ef39ee0251c171b9cd3f771ad7687ab56165e8e32b7df1"},
    {file = "confluent_kafka-2.8.2-cp311-cp311-macosx_11_0_arm64.whl", hash = "sha256:38e0c4809670d9a6a3e268b82793db90fe408a569f7215266abd27b52b7ecf3d"},
    {file = "confluent_kafka-2.8.2-cp311-cp311-manylinux_2_28_aarch64.whl", hash = "sha256:882b67c076661be252dca962fe7f26c92e8da23b6607618e6512e462750e7f83"},
    {file = "confluent_kafka-2.8.2-cp311-cp311-manylinux_2_28_x86_64.whl", hash = "sha256:fd10d521873e7d2f64c7d1bc0ee1fc27434d7bc45e50e8a8abf7e8366e38002a"},
    {file = "confluent_kafka-2.8.2-cp311-cp311-win_amd64.whl", hash = "sha256:1969bfb672a7c55d1bcacd54d3c2cf90f45dbef29a5934828d439cafded31dc9"},
    {file = "confluent_kafka-2.8.2-cp312-cp312-macosx_10_9_x86_64.whl", hash = "sha256:b632a230abee16b03bdfbb931eb6cdd05a3b9474066b5dcae01550a0faf7cbaf"},
    {file = "confluent_kafka-2.8.2-cp312-cp312-macosx_11_0_arm64.whl", hash = "sha256:cd8f33fb94258b676c7c86520f572e2866405056bb31c3425d01fbe0a21f6883"},
    {file = "confluent_kafka-2.8.2-cp312-cp312-manylinux_2_28_aarch64.whl", hash = "sha256:2cb254a1d53af672cd0d9f3b34492cb5ca4dae829cecc48292afedd199312f06"},
    {file = "confluent_kafka-2.8.2-cp312-cp312-manylinux_2_28_x86_64.whl", hash = "sha256:9ca5a6ddd6401684d6e7237e11efb112087e4c4c4535503e07fc3385e52b2f16"},
    {file = "confluent_kafka-2.8.2-cp312-cp312-win_amd64.whl", hash = "sha256:77eb22389c5d95a5d4b8a5713ee3f9ad084cbd19107eb80f51678f676fc3a27f"},
    {file = "confluent_kafka-2.8.2-cp313-cp313-macosx_13_0_arm64.whl", hash = "sha256:0974d544bf8b0f23cae70852e53a4e7fec1af7fc83222b302f3ce8855d3ff70b"},
    {file = "confluent_kafka-2.8.2-cp313-cp313-macosx_13_0_x86_64.whl", hash = "sha256:8eb18f6908aa10cb1f410b429abcb0a62d0ca0daf4386ef3784022d0779d236e"},
    {file = "confluent_kafka-2.8.2-cp313-cp313-manylinux_2_28_aarch64.whl", hash = "sha256:9171a75ef2430eb04dea4b433de7ae20db063b7cea2318cb0e6394175a153f6f"},
    {file = "confluent_kafka-2.8.2-cp313-cp313-manylinux_2_28_x86_64.whl", hash = "sha256:6ea4f733aaa2c6363adb8cd1cfeda16599642c472e479cea66c6b298325df0aa"},
    {file = "confluent_kafka-2.8.2-cp313-cp313-win_amd64.whl", hash = "sha256:60c6b77179301366410b35bbd224099a43061c983047329b69ed594f86240e7a"},
    {file = "confluent_kafka-2.8.2-cp313-cp313t-manylinux_2_28_aarch64.whl", hash = "sha256:1eaf441620918600bd8dcfb0e38f2102bf735938ba4d87b057bddacd1fa46262"},
    {file = "confluent_kafka-2.8.2-cp37-cp37m-macosx_10_9_x86_64.whl", hash = "sha256:ec6c0e72c2b8d8d19209a094ddbb87579973b096f7490229aff5c0a1603aef38"},
    {file = "confluent_kafka-2.8.2-cp37-cp37m-manylinux_2_28_aarch64.whl", hash = "sha256:d78deb8a443dc4ba2ed21c4902da9b78fba469b7ceeac92f4e1db739a74b512e"},
    {file = "confluent_kafka-2.8.2-cp37-cp37m-manylinux_2_28_x86_64.whl", hash = "sha256:5cf86372a660e29363c9165014227fd492923887efb3fea85373bb67cbd8a1a3"},
    {file = "confluent_kafka-2.8.2-cp37-cp37m-win_amd64.whl", hash = "sha256:169788daf3f6a45e50df3e8ebce5beec5ecd1387edebac181291de5d92db58c5"},
    {file = "confluent_kafka-2.8.2-cp38-cp38-macosx_10_9_x86_64.whl", hash = "sha256:59411423ebb9804743f4b409b352af93c003bd2bd929890744e3c95f4c76d37a"},
    {file = "confluent_kafka-2.8.2-cp38-cp38-macosx_11_0_arm64.whl", hash = "sha256:696689124df8734f6f8ed2edf7d0036d66acdff2c3915078e66b73aebef6b333"},
    {file = "confluent_kafka-2.8.2-cp38-cp38-manylinux_2_28_aarch64.whl", hash = "sha256:5c5a7490c2c593d8fb84fb10ae95ec9ec631fb229c64e307247a3d1558b7f3e7"},
    {file = "confluent_kafka-2.8.2-cp38-cp38-manylinux_2_28_x86_64.whl", hash = "sha256:5093c3d2dde81ac1dccf5355bcab4f28c8c39f3501b18d910cbdc08cb0b2b946"},
    {file = "confluent_kafka-2.8.2-cp38-cp38-win_amd64.whl", hash = "sha256:41f646f924a77e5d2dcc1d421d24130bf8e518f80043c5b740c1763bf5c79f25"},
    {file = "confluent_kafka-2.8.2-cp39-cp39-macosx_10_9_x86_64.whl", hash = "sha256:c1206376218e083a9a962c20fabb881b995b63e8ff55d2ee3408a7527de5584f"},
    {file = "confluent_kafka-2.8.2-cp39-cp39-macosx_11_0_arm64.whl", hash = "sha256:b179d792c9ccecbb5d358db8bc16f01798f55ba3f0f281f6b2d698541489cd47"},
    {file = "confluent_kafka-2.8.2-cp39-cp39-manylinux_2_28_aarch64.whl", hash = "sha256:5e49281da59dbefc9ea0f41431e1604a629076ff9ad9cadf9258f4a57b12f968"},
    {file = "confluent_kafka-2.8.2-cp39-cp39-manylinux_2_28_x86_64.whl", hash = "sha256:356d0a27bf350da69fea80d982b777a6b87f91f4b2326b3c8b061e3a01bcdd60"},
    {file = "confluent_kafka-2.8.2-cp39-cp39-win_amd64.whl", hash = "sha256:5b4471c7ced93407c2c8ee89d7735cbc387aaa3f68707201e7351ce03f59647c"},
    {file = "confluent_kafka-2.8.2.tar.gz", hash = "sha256:e8cac2a00968c587d7e7a8fbb6b2d3c2eb0d342d42fdf1fdc36c10036b944bf3"},
]

[package.extras]
all = ["attrs", "attrs", "authlib", "avro (>=1.11.1,<2)", "avro (>=1.11.1,<2)", "azure-identity", "azure-identity", "azure-keyvault-keys", "azure-keyvault-keys", "boto3", "boto3 (>=1.35)", "cachetools", "cachetools", "cel-python (>=0.1.5)", "cel-python (>=0.1.5)", "confluent-kafka", "fastapi", "fastavro (<1.8.0)", "fastavro (<1.8.0)", "fastavro (<2)", "fastavro (<2)", "flake8", "google-api-core", "google-api-core", "google-auth", "google-auth", "google-cloud-kms", "google-cloud-kms", "googleapis-common-protos", "googleapis-common-protos", "hkdf (==0.0.3)", "hkdf (==0.0.3)", "httpx", "httpx (>=0.26)", "hvac", "hvac", "jsonata-python", "jsonata-python", "jsonschema", "jsonschema", "opentelemetry-distro", "opentelemetry-exporter-otlp", "orjson", "protobuf", "protobuf", "psutil", "pydantic", "pyrsistent", "pyrsistent", "pytest", "pytest-timeout", "pytest_cov", "pyyaml (>=6.0.0)", "pyyaml (>=6.0.0)", "requests", "requests", "requests-mock", "respx", "six", "sphinx", "sphinx-rtd-theme", "tink", "tink", "urllib3 (<2)", "urllib3 (<3)", "uvicorn"]
avro = ["attrs", "authlib", "avro (>=1.11.1,<2)", "cachetools", "fastavro (<1.8.0)", "fastavro (<2)", "httpx (>=0.26)", "requests"]
dev = ["attrs", "attrs", "authlib", "avro (>=1.11.1,<2)", "avro (>=1.11.1,<2)", "azure-identity", "azure-identity", "azure-keyvault-keys", "azure-keyvault-keys", "boto3", "boto3 (>=1.35)", "cachetools", "cachetools", "cel-python (>=0.1.5)", "cel-python (>=0.1.5)", "confluent-kafka", "fastapi", "fastavro (<1.8.0)", "fastavro (<1.8.0)", "fastavro (<2)", "fastavro (<2)", "flake8", "google-api-core", "google-api-core", "google-auth", "google-auth", "google-cloud-kms", "google-cloud-kms", "googleapis-common-protos", "googleapis-common-protos", "hkdf (==0.0.3)", "hkdf (==0.0.3)", "httpx", "httpx (>=0.26)", "hvac", "hvac", "jsonata-python", "jsonata-python", "jsonschema", "jsonschema", "orjson", "protobuf", "protobuf", "pydantic", "pyrsistent", "pyrsistent", "pytest", "pytest-timeout", "pytest_cov", "pyyaml (>=6.0.0)", "pyyaml (>=6.0.0)", "requests", "requests", "requests-mock", "respx", "six", "sphinx", "sphinx-rtd-theme", "tink", "tink", "urllib3 (<2)", "urllib3 (<3)", "uvicorn"]
docs = ["attrs", "authlib", "avro (>=1.11.1,<2)", "azure-identity", "azure-keyvault-keys", "boto3 (>=1.35)", "cachetools", "cel-python (>=0.1.5)", "fastavro (<1.8.0)", "fastavro (<2)", "google-api-core", "google-auth", "google-cloud-kms", "googleapis-common-protos", "hkdf (==0.0.3)", "httpx (>=0.26)", "hvac", "jsonata-python", "jsonschema", "protobuf", "pyrsistent", "pyyaml (>=6.0.0)", "requests", "sphinx", "sphinx-rtd-theme", "tink"]
examples = ["attrs", "avro (>=1.11.1,<2)", "azure-identity", "azure-keyvault-keys", "boto3", "cachetools", "cel-python (>=0.1.5)", "confluent-kafka", "fastapi", "fastavro (<1.8.0)", "fastavro (<2)", "google-api-core", "google-auth", "google-cloud-kms", "googleapis-common-protos", "hkdf (==0.0.3)", "httpx", "hvac", "jsonata-python", "jsonschema", "protobuf", "pydantic", "pyrsistent", "pyyaml (>=6.0.0)", "requests", "six", "tink", "uvicorn"]
json = ["attrs", "authlib", "cachetools", "httpx (>=0.26)", "jsonschema", "pyrsistent"]
protobuf = ["attrs", "authlib", "cachetools", "googleapis-common-protos", "httpx (>=0.26)", "protobuf"]
rules = ["attrs", "authlib", "azure-identity", "azure-keyvault-keys", "boto3 (>=1.35)", "cachetools", "cel-python (>=0.1.5)", "google-api-core", "google-auth", "google-cloud-kms", "hkdf (==0.0.3)", "httpx (>=0.26)", "hvac", "jsonata-python", "pyyaml (>=6.0.0)", "tink"]
schema-registry = ["attrs", "authlib", "cachetools", "httpx (>=0.26)"]
schemaregistry = ["attrs", "authlib", "cachetools", "httpx (>=0.26)"]
soaktest = ["opentelemetry-distro", "opentelemetry-exporter-otlp", "psutil"]
tests = ["attrs", "authlib", "avro (>=1.11.1,<2)", "azure-identity", "azure-keyvault-keys", "boto3 (>=1.35)", "cachetools", "cel-python (>=0.1.5)", "fastavro (<1.8.0)", "fastavro (<2)", "flake8", "google-api-core", "google-auth", "google-cloud-kms", "googleapis-common-protos", "hkdf (==0.0.3)", "httpx (>=0.26)", "hvac", "jsonata-python", "jsonschema", "orjson", "protobuf", "pyrsistent", "pytest", "pytest-timeout", "pytest_cov", "pyyaml (>=6.0.0)", "requests", "requests-mock", "respx", "tink", "urllib3 (<2)", "urllib3 (<3)"]

[[package]]
name = "dotenv"
version = "0.9.9"
description = "Deprecated package"
optional = false
python-versions = "*"
files = [
    {file = "dotenv-0.9.9-py2.py3-none-any.whl", hash = "sha256:29cf74a087b31dafdb5a446b6d7e11cbce8ed2741540e2339c69fbef92c94ce9"},
]

[package.dependencies]
python-dotenv = "*"

[[package]]
name = "h11"
version = "0.14.0"
description = "A pure-Python, bring-your-own-I/O implementation of HTTP/1.1"
optional = false
python-versions = ">=3.7"
files = [
    {file = "h11-0.14.0-py3-none-any.whl", hash = "sha256:e3fe4ac4b851c468cc8363d500db52c2ead036020723024a109d37346efaa761"},
    {file = "h11-0.14.0.tar.gz", hash = "sha256:8f19fbbe99e72420ff35c00b27a34cb9937e902a8b810e2c88300c6f0a3b699d"},
]

[[package]]
name = "h2"
version = "4.2.0"
description = "Pure-Python HTTP/2 protocol implementation"
optional = false
python-versions = ">=3.9"
files = [
    {file = "h2-4.2.0-py3-none-any.whl", hash = "sha256:479a53ad425bb29af087f3458a61d30780bc818e4ebcf01f0b536ba916462ed0"},
    {file = "h2-4.2.0.tar.gz", hash = "sha256:c8a52129695e88b1a0578d8d2cc6842bbd79128ac685463b887ee278126ad01f"},
]

[package.dependencies]
hpack = ">=4.1,<5"
hyperframe = ">=6.1,<7"

[[package]]
name = "hpack"
version = "4.1.0"
description = "Pure-Python HPACK header encoding"
optional = false
python-versions = ">=3.9"
files = [
    {file = "hpack-4.1.0-py3-none-any.whl", hash = "sha256:157ac792668d995c657d93111f46b4535ed114f0c9c8d672271bbec7eae1b496"},
    {file = "hpack-4.1.0.tar.gz", hash = "sha256:ec5eca154f7056aa06f196a557655c5b009b382873ac8d1e66e79e87535f1dca"},
]

[[package]]
name = "httpcore"
version = "1.0.7"
description = "A minimal low-level HTTP client."
optional = false
python-versions = ">=3.8"
files = [
    {file = "httpcore-1.0.7-py3-none-any.whl", hash = "sha256:a3fff8f43dc260d5bd363d9f9cf1830fa3a458b332856f34282de498ed420edd"},
    {file = "httpcore-1.0.7.tar.gz", hash = "sha256:8551cb62a169ec7162ac7be8d4817d561f60e08eaa485234898414bb5a8a0b4c"},
]

[package.dependencies]
certifi = "*"
h11 = ">=0.13,<0.15"

[package.extras]
asyncio = ["anyio (>=4.0,<5.0)"]
http2 = ["h2 (>=3,<5)"]
socks = ["socksio (==1.*)"]
trio = ["trio (>=0.22.0,<1.0)"]

[[package]]
name = "httpx"
version = "0.28.1"
description = "The next generation HTTP client."
optional = false
python-versions = ">=3.8"
files = [
    {file = "httpx-0.28.1-py3-none-any.whl", hash = "sha256:d909fcccc110f8c7faf814ca82a9a4d816bc5a6dbfea25d6591d6985b8ba59ad"},
    {file = "httpx-0.28.1.tar.gz", hash = "sha256:75e98c5f16b0f35b567856f597f06ff2270a374470a5c2392242528e3e3e42fc"},
]

[package.dependencies]
anyio = "*"
certifi = "*"
h2 = {version = ">=3,<5", optional = true, markers = "extra == \"http2\""}
httpcore = "==1.*"
idna = "*"

[package.extras]
brotli = ["brotli", "brotlicffi"]
cli = ["click (==8.*)", "pygments (==2.*)", "rich (>=10,<14)"]
http2 = ["h2 (>=3,<5)"]
socks = ["socksio (==1.*)"]
zstd = ["zstandard (>=0.18.0)"]

[[package]]
name = "hyperframe"
version = "6.1.0"
description = "Pure-Python HTTP/2 framing"
optional = false
python-versions = ">=3.9"
files = [
    {file = "hyperframe-6.1.0-py3-none-any.whl", hash = "sha256:b03380493a519fce58ea5af42e4a42317bf9bd425596f7a0835ffce80f1a42e5"},
    {file = "hyperframe-6.1.0.tar.gz", hash = "sha256:f630908a00854a7adeabd6382b43923a4c4cd4b821fcb527e6ab9e15382a3b08"},
]

[[package]]
name = "idna"
version = "3.10"
description = "Internationalized Domain Names in Applications (IDNA)"
optional = false
python-versions = ">=3.6"
files = [
    {file = "idna-3.10-py3-none-any.whl", hash = "sha256:946d195a0d259cbba61165e88e65941f16e9b36ea6ddb97f00452bae8b1287d3"},
    {file = "idna-3.10.tar.gz", hash = "sha256:12f65c9b470abda6dc35cf8e63cc574b1c52b11df2c86030af0ac09b01b13ea9"},
]

[package.extras]
all = ["flake8 (>=7.1.1)", "mypy (>=1.11.2)", "pytest (>=8.3.2)", "ruff (>=0.6.2)"]

[[package]]
name = "pafy"
version = "0.5.5"
description = "Retrieve YouTube content and metadata"
optional = false
python-versions = "*"
files = [
    {file = "pafy-0.5.5-py2.py3-none-any.whl", hash = "sha256:769e35aa6988686d47fa2ab235d15c9952c7873c470f6a6b05cf6bcd93e62515"},
    {file = "pafy-0.5.5.tar.gz", hash = "sha256:364f1d1312c89582d97dc7225cf6858cde27cb11dfd64a9c2bab1a2f32133b1e"},
]

[package.extras]
youtube-dl-backend = ["youtube-dl"]

[[package]]
name = "pytchat"
version = "0.5.5"
description = "a python library for fetching youtube live chat."
optional = false
python-versions = "*"
files = [
    {file = "pytchat-0.5.5-py3-none-any.whl", hash = "sha256:2e3fba357320e7731c16e712084f536bf0e0e20b3b45a9c59865971d9907ad63"},
]

[package.dependencies]
httpx = {version = "*", extras = ["http2"]}

[[package]]
name = "python-dotenv"
version = "1.1.0"
description = "Read key-value pairs from a .env file and set them as environment variables"
optional = false
python-versions = ">=3.9"
files = [
    {file = "python_dotenv-1.1.0-py3-none-any.whl", hash = "sha256:d7c01d9e2293916c18baf562d95698754b0dbbb5e74d457c45d4f6561fb9d55d"},
    {file = "python_dotenv-1.1.0.tar.gz", hash = "sha256:41f90bc6f5f177fb41f53e87666db362025010eb28f60a01c9143bfa33a2b2d5"},
]

[package.extras]
cli = ["click (>=5.0)"]

[[package]]
name = "sniffio"
version = "1.3.1"
description = "Sniff out which async library your code is running under"
optional = false
python-versions = ">=3.7"
files = [
    {file = "sniffio-1.3.1-py3-none-any.whl", hash = "sha256:2f6da418d1f1e0fddd844478f41680e794e6051915791a034ff65e5f100525a2"},
    {file = "sniffio-1.3.1.tar.gz", hash = "sha256:f4324edc670a0f49750a81b895f35c3adb843cca46f0530f79fc1babb23789dc"},
]

[[package]]
name = "typing-extensions"
version = "4.13.0"
description = "Backported and Experimental Type Hints for Python 3.8+"
optional = false
python-versions = ">=3.8"
files = [
    {file = "typing_extensions-4.13.0-py3-none-any.whl", hash = "sha256:c8dd92cc0d6425a97c18fbb9d1954e5ff92c1ca881a309c45f06ebc0b79058e5"},
    {file = "typing_extensions-4.13.0.tar.gz", hash = "sha256:0a4ac55a5820789d87e297727d229866c9650f6521b64206413c4fbada24d95b"},
]

[[package]]
name = "youtube-dl"
version = "2021.12.17"
description = "YouTube video downloader"
optional = false
python-versions = "*"
files = [
    {file = "youtube_dl-2021.12.17-py2.py3-none-any.whl", hash = "sha256:f1336d5de68647e0364a47b3c0712578e59ec76f02048ff5c50ef1c69d79cd55"},
    {file = "youtube_dl-2021.12.17.tar.gz", hash = "sha256:bc59e86c5d15d887ac590454511f08ce2c47698d5a82c27bfe27b5d814bbaed2"},
]

[metadata]
lock-version = "2.0"
python-versions = "^3.12"
content-hash = "4384054d4437465907ff251a4c772815276c87b205de6a3c1396bf9090e0f98b"
